
Microsoft Visual Studio Solution File, Format Version 12.00
# Visual Studio Version 17
VisualStudioVersion = 17.0.31903.59
MinimumVisualStudioVersion = 10.0.40219.1
Project("{2150E333-8FDC-42A3-9474-1A3956D46DE8}") = "src", "src", "{827E0CD3-B72D-47B6-A68D-7590B98EB39B}"
EndProject
Project("{2150E333-8FDC-42A3-9474-1A3956D46DE8}") = "Modules", "Modules", "{EC447DCF-ABFA-6E24-52A5-D7FD48A5C558}"
EndProject
Project("{2150E333-8FDC-42A3-9474-1A3956D46DE8}") = "SmartPPT.Shared", "SmartPPT.Shared", "{39D3A5C9-C847-4C51-A1C1-8D8D44E998A3}"
EndProject
Project("{2150E333-8FDC-42A3-9474-1A3956D46DE8}") = "SmartPPT.Agent", "SmartPPT.Agent", "{A526E67A-68BD-0382-42B9-AF5ECC084028}"
EndProject
Project("{2150E333-8FDC-42A3-9474-1A3956D46DE8}") = "SmartPPT.Presentation", "SmartPPT.Presentation", "{7D4E0D6D-2E97-406E-B74F-6EDE4089BA1C}"
EndProject
Project("{2150E333-8FDC-42A3-9474-1A3956D46DE8}") = "SmartPPT.Template", "SmartPPT.Template", "{01A4CD90-C4F8-4D2A-AF33-D0A7D8151A86}"
EndProject
Project("{2150E333-8FDC-42A3-9474-1A3956D46DE8}") = "SmartPPT.SlideEngine", "SmartPPT.SlideEngine", "{A49A7C1A-BB75-4CBA-B4E1-4C75959B2D26}"
EndProject
Project("{2150E333-8FDC-42A3-9474-1A3956D46DE8}") = "SmartPPT.Storage", "SmartPPT.Storage", "{E25D41CA-4C35-4026-9FAD-98DBB8E1DF66}"
EndProject
Project("{FAE04EC0-301F-11D3-BF4B-00C04F79EFBC}") = "SmartPPT.Agent.Application", "src\Modules\SmartPPT.Agent\SmartPPT.Agent.Application\SmartPPT.Agent.Application.csproj", "{000025C6-27F4-4073-9D4E-57719F8A9A9E}"
EndProject
Project("{FAE04EC0-301F-11D3-BF4B-00C04F79EFBC}") = "SmartPPT.Agent.Contracts", "src\Modules\SmartPPT.Agent\SmartPPT.Agent.Contracts\SmartPPT.Agent.Contracts.csproj", "{A0EAA895-977A-44AC-BC7A-16239415744E}"
EndProject
Project("{FAE04EC0-301F-11D3-BF4B-00C04F79EFBC}") = "SmartPPT.Agent.Domain", "src\Modules\SmartPPT.Agent\SmartPPT.Agent.Domain\SmartPPT.Agent.Domain.csproj", "{EA1E1445-CF3D-4FDA-9CD3-A41AAB0C205A}"
EndProject
Project("{FAE04EC0-301F-11D3-BF4B-00C04F79EFBC}") = "SmartPPT.Agent.Infrastructure", "src\Modules\SmartPPT.Agent\SmartPPT.Agent.Infrastructure\SmartPPT.Agent.Infrastructure.csproj", "{8F0E372E-0961-42D9-ADB5-9F22231102AD}"
EndProject
Project("{FAE04EC0-301F-11D3-BF4B-00C04F79EFBC}") = "SmartPPT.Presentation.Application", "src\Modules\SmartPPT.Presentation\SmartPPT.Presentation.Application\SmartPPT.Presentation.Application.csproj", "{CE2F7A96-437A-4A77-9B78-793572F8235F}"
EndProject
Project("{FAE04EC0-301F-11D3-BF4B-00C04F79EFBC}") = "SmartPPT.Presentation.Contracts", "src\Modules\SmartPPT.Presentation\SmartPPT.Presentation.Contracts\SmartPPT.Presentation.Contracts.csproj", "{31D92B0E-74BB-4D0B-B37F-B38C5EE30838}"
EndProject
Project("{FAE04EC0-301F-11D3-BF4B-00C04F79EFBC}") = "SmartPPT.Presentation.Domain", "src\Modules\SmartPPT.Presentation\SmartPPT.Presentation.Domain\SmartPPT.Presentation.Domain.csproj", "{9E83B5C6-DE3A-4D09-B1E2-198B1ED410CD}"
EndProject
Project("{FAE04EC0-301F-11D3-BF4B-00C04F79EFBC}") = "SmartPPT.Presentation.Infrastructure", "src\Modules\SmartPPT.Presentation\SmartPPT.Presentation.Infrastructure\SmartPPT.Presentation.Infrastructure.csproj", "{DD40904F-6A11-4306-A5E4-6BBC1C93DF33}"
EndProject
Project("{FAE04EC0-301F-11D3-BF4B-00C04F79EFBC}") = "SmartPPT.SlideEngine.Application", "src\Modules\SmartPPT.SlideEngine\SmartPPT.SlideEngine.Application\SmartPPT.SlideEngine.Application.csproj", "{F0F57722-3442-42A8-8035-BA62E21AF369}"
EndProject
Project("{FAE04EC0-301F-11D3-BF4B-00C04F79EFBC}") = "SmartPPT.SlideEngine.Contracts", "src\Modules\SmartPPT.SlideEngine\SmartPPT.SlideEngine.Contracts\SmartPPT.SlideEngine.Contracts.csproj", "{8677596F-63F2-4C03-BBF6-D4C7F3C66067}"
EndProject
Project("{FAE04EC0-301F-11D3-BF4B-00C04F79EFBC}") = "SmartPPT.SlideEngine.Domain", "src\Modules\SmartPPT.SlideEngine\SmartPPT.SlideEngine.Domain\SmartPPT.SlideEngine.Domain.csproj", "{A46779F5-1992-4CEA-B2D2-2607F6CD9B4F}"
EndProject
Project("{FAE04EC0-301F-11D3-BF4B-00C04F79EFBC}") = "SmartPPT.SlideEngine.Infrastructure", "src\Modules\SmartPPT.SlideEngine\SmartPPT.SlideEngine.Infrastructure\SmartPPT.SlideEngine.Infrastructure.csproj", "{3DC4D3E6-C958-4D95-8CE3-22101CA8D3E8}"
EndProject
Project("{FAE04EC0-301F-11D3-BF4B-00C04F79EFBC}") = "SmartPPT.Storage.Application", "src\Modules\SmartPPT.Storage\SmartPPT.Storage.Application\SmartPPT.Storage.Application.csproj", "{44F4664E-534E-4DB4-8772-53A619F13C3C}"
EndProject
Project("{FAE04EC0-301F-11D3-BF4B-00C04F79EFBC}") = "SmartPPT.Storage.Contracts", "src\Modules\SmartPPT.Storage\SmartPPT.Storage.Contracts\SmartPPT.Storage.Contracts.csproj", "{EA0625C2-4614-4E4C-8C6C-73A9E9EC3FB5}"
EndProject
Project("{FAE04EC0-301F-11D3-BF4B-00C04F79EFBC}") = "SmartPPT.Storage.Domain", "src\Modules\SmartPPT.Storage\SmartPPT.Storage.Domain\SmartPPT.Storage.Domain.csproj", "{FDDDCADF-B914-49F3-8D2A-7AB47B026AD1}"
EndProject
Project("{FAE04EC0-301F-11D3-BF4B-00C04F79EFBC}") = "SmartPPT.Storage.Infrastructure", "src\Modules\SmartPPT.Storage\SmartPPT.Storage.Infrastructure\SmartPPT.Storage.Infrastructure.csproj", "{5296D786-44C0-4CE1-A04F-79657F88929A}"
EndProject
Project("{FAE04EC0-301F-11D3-BF4B-00C04F79EFBC}") = "SmartPPT.Template.Application", "src\Modules\SmartPPT.Template\SmartPPT.Template.Application\SmartPPT.Template.Application.csproj", "{4659145B-D966-402F-BCE1-520F5A98C9A8}"
EndProject
Project("{FAE04EC0-301F-11D3-BF4B-00C04F79EFBC}") = "SmartPPT.Template.Contracts", "src\Modules\SmartPPT.Template\SmartPPT.Template.Contracts\SmartPPT.Template.Contracts.csproj", "{72408AFC-7F2C-4B12-A686-61174A44C024}"
EndProject
Project("{FAE04EC0-301F-11D3-BF4B-00C04F79EFBC}") = "SmartPPT.Template.Domain", "src\Modules\SmartPPT.Template\SmartPPT.Template.Domain\SmartPPT.Template.Domain.csproj", "{E642E689-D9F7-4B1E-BC4C-C00E3A4BF5E8}"
EndProject
Project("{FAE04EC0-301F-11D3-BF4B-00C04F79EFBC}") = "SmartPPT.Template.Infrastructure", "src\Modules\SmartPPT.Template\SmartPPT.Template.Infrastructure\SmartPPT.Template.Infrastructure.csproj", "{8A1AB4E6-602D-43CA-B5B9-EFDA3395BAAC}"
EndProject
Project("{FAE04EC0-301F-11D3-BF4B-00C04F79EFBC}") = "SmartPPT.API", "src\SmartPPT.API\SmartPPT.API.csproj", "{8CC6D740-4506-482E-97A5-D23D4DB85196}"
EndProject
Project("{FAE04EC0-301F-11D3-BF4B-00C04F79EFBC}") = "SmartPPT.Shared.BuildingBlocks", "src\SmartPPT.Shared\SmartPPT.Shared.BuildingBlocks\SmartPPT.Shared.BuildingBlocks.csproj", "{69D8FF7A-7335-4F2F-B715-74A9F562A7BC}"
EndProject
Project("{FAE04EC0-301F-11D3-BF4B-00C04F79EFBC}") = "SmartPPT.Shared.SharedKernel", "src\SmartPPT.Shared\SmartPPT.Shared.SharedKernel\SmartPPT.Shared.SharedKernel.csproj", "{EB2CD579-B5E3-43D8-86AA-865FC7E996C2}"
EndProject
Global
	GlobalSection(SolutionConfigurationPlatforms) = preSolution
		Debug|Any CPU = Debug|Any CPU
		Debug|x64 = Debug|x64
		Debug|x86 = Debug|x86
		Release|Any CPU = Release|Any CPU
		Release|x64 = Release|x64
		Release|x86 = Release|x86
	EndGlobalSection
	GlobalSection(ProjectConfigurationPlatforms) = postSolution
		{000025C6-27F4-4073-9D4E-57719F8A9A9E}.Debug|Any CPU.ActiveCfg = Debug|Any CPU
		{000025C6-27F4-4073-9D4E-57719F8A9A9E}.Debug|Any CPU.Build.0 = Debug|Any CPU
		{000025C6-27F4-4073-9D4E-57719F8A9A9E}.Debug|x64.ActiveCfg = Debug|Any CPU
		{000025C6-27F4-4073-9D4E-57719F8A9A9E}.Debug|x64.Build.0 = Debug|Any CPU
		{000025C6-27F4-4073-9D4E-57719F8A9A9E}.Debug|x86.ActiveCfg = Debug|Any CPU
		{000025C6-27F4-4073-9D4E-57719F8A9A9E}.Debug|x86.Build.0 = Debug|Any CPU
		{000025C6-27F4-4073-9D4E-57719F8A9A9E}.Release|Any CPU.ActiveCfg = Release|Any CPU
		{000025C6-27F4-4073-9D4E-57719F8A9A9E}.Release|Any CPU.Build.0 = Release|Any CPU
		{000025C6-27F4-4073-9D4E-57719F8A9A9E}.Release|x64.ActiveCfg = Release|Any CPU
		{000025C6-27F4-4073-9D4E-57719F8A9A9E}.Release|x64.Build.0 = Release|Any CPU
		{000025C6-27F4-4073-9D4E-57719F8A9A9E}.Release|x86.ActiveCfg = Release|Any CPU
		{000025C6-27F4-4073-9D4E-57719F8A9A9E}.Release|x86.Build.0 = Release|Any CPU
		{A0EAA895-977A-44AC-BC7A-16239415744E}.Debug|Any CPU.ActiveCfg = Debug|Any CPU
		{A0EAA895-977A-44AC-BC7A-16239415744E}.Debug|Any CPU.Build.0 = Debug|Any CPU
		{A0EAA895-977A-44AC-BC7A-16239415744E}.Debug|x64.ActiveCfg = Debug|Any CPU
		{A0EAA895-977A-44AC-BC7A-16239415744E}.Debug|x64.Build.0 = Debug|Any CPU
		{A0EAA895-977A-44AC-BC7A-16239415744E}.Debug|x86.ActiveCfg = Debug|Any CPU
		{A0EAA895-977A-44AC-BC7A-16239415744E}.Debug|x86.Build.0 = Debug|Any CPU
		{A0EAA895-977A-44AC-BC7A-16239415744E}.Release|Any CPU.ActiveCfg = Release|Any CPU
		{A0EAA895-977A-44AC-BC7A-16239415744E}.Release|Any CPU.Build.0 = Release|Any CPU
		{A0EAA895-977A-44AC-BC7A-16239415744E}.Release|x64.ActiveCfg = Release|Any CPU
		{A0EAA895-977A-44AC-BC7A-16239415744E}.Release|x64.Build.0 = Release|Any CPU
		{A0EAA895-977A-44AC-BC7A-16239415744E}.Release|x86.ActiveCfg = Release|Any CPU
		{A0EAA895-977A-44AC-BC7A-16239415744E}.Release|x86.Build.0 = Release|Any CPU
		{EA1E1445-CF3D-4FDA-9CD3-A41AAB0C205A}.Debug|Any CPU.ActiveCfg = Debug|Any CPU
		{EA1E1445-CF3D-4FDA-9CD3-A41AAB0C205A}.Debug|Any CPU.Build.0 = Debug|Any CPU
		{EA1E1445-CF3D-4FDA-9CD3-A41AAB0C205A}.Debug|x64.ActiveCfg = Debug|Any CPU
		{EA1E1445-CF3D-4FDA-9CD3-A41AAB0C205A}.Debug|x64.Build.0 = Debug|Any CPU
		{EA1E1445-CF3D-4FDA-9CD3-A41AAB0C205A}.Debug|x86.ActiveCfg = Debug|Any CPU
		{EA1E1445-CF3D-4FDA-9CD3-A41AAB0C205A}.Debug|x86.Build.0 = Debug|Any CPU
		{EA1E1445-CF3D-4FDA-9CD3-A41AAB0C205A}.Release|Any CPU.ActiveCfg = Release|Any CPU
		{EA1E1445-CF3D-4FDA-9CD3-A41AAB0C205A}.Release|Any CPU.Build.0 = Release|Any CPU
		{EA1E1445-CF3D-4FDA-9CD3-A41AAB0C205A}.Release|x64.ActiveCfg = Release|Any CPU
		{EA1E1445-CF3D-4FDA-9CD3-A41AAB0C205A}.Release|x64.Build.0 = Release|Any CPU
		{EA1E1445-CF3D-4FDA-9CD3-A41AAB0C205A}.Release|x86.ActiveCfg = Release|Any CPU
		{EA1E1445-CF3D-4FDA-9CD3-A41AAB0C205A}.Release|x86.Build.0 = Release|Any CPU
		{8F0E372E-0961-42D9-ADB5-9F22231102AD}.Debug|Any CPU.ActiveCfg = Debug|Any CPU
		{8F0E372E-0961-42D9-ADB5-9F22231102AD}.Debug|Any CPU.Build.0 = Debug|Any CPU
		{8F0E372E-0961-42D9-ADB5-9F22231102AD}.Debug|x64.ActiveCfg = Debug|Any CPU
		{8F0E372E-0961-42D9-ADB5-9F22231102AD}.Debug|x64.Build.0 = Debug|Any CPU
		{8F0E372E-0961-42D9-ADB5-9F22231102AD}.Debug|x86.ActiveCfg = Debug|Any CPU
		{8F0E372E-0961-42D9-ADB5-9F22231102AD}.Debug|x86.Build.0 = Debug|Any CPU
		{8F0E372E-0961-42D9-ADB5-9F22231102AD}.Release|Any CPU.ActiveCfg = Release|Any CPU
		{8F0E372E-0961-42D9-ADB5-9F22231102AD}.Release|Any CPU.Build.0 = Release|Any CPU
		{8F0E372E-0961-42D9-ADB5-9F22231102AD}.Release|x64.ActiveCfg = Release|Any CPU
		{8F0E372E-0961-42D9-ADB5-9F22231102AD}.Release|x64.Build.0 = Release|Any CPU
		{8F0E372E-0961-42D9-ADB5-9F22231102AD}.Release|x86.ActiveCfg = Release|Any CPU
		{8F0E372E-0961-42D9-ADB5-9F22231102AD}.Release|x86.Build.0 = Release|Any CPU
		{CE2F7A96-437A-4A77-9B78-793572F8235F}.Debug|Any CPU.ActiveCfg = Debug|Any CPU
		{CE2F7A96-437A-4A77-9B78-793572F8235F}.Debug|Any CPU.Build.0 = Debug|Any CPU
		{CE2F7A96-437A-4A77-9B78-793572F8235F}.Debug|x64.ActiveCfg = Debug|Any CPU
		{CE2F7A96-437A-4A77-9B78-793572F8235F}.Debug|x64.Build.0 = Debug|Any CPU
		{CE2F7A96-437A-4A77-9B78-793572F8235F}.Debug|x86.ActiveCfg = Debug|Any CPU
		{CE2F7A96-437A-4A77-9B78-793572F8235F}.Debug|x86.Build.0 = Debug|Any CPU
		{CE2F7A96-437A-4A77-9B78-793572F8235F}.Release|Any CPU.ActiveCfg = Release|Any CPU
		{CE2F7A96-437A-4A77-9B78-793572F8235F}.Release|Any CPU.Build.0 = Release|Any CPU
		{CE2F7A96-437A-4A77-9B78-793572F8235F}.Release|x64.ActiveCfg = Release|Any CPU
		{CE2F7A96-437A-4A77-9B78-793572F8235F}.Release|x64.Build.0 = Release|Any CPU
		{CE2F7A96-437A-4A77-9B78-793572F8235F}.Release|x86.ActiveCfg = Release|Any CPU
		{CE2F7A96-437A-4A77-9B78-793572F8235F}.Release|x86.Build.0 = Release|Any CPU
		{31D92B0E-74BB-4D0B-B37F-B38C5EE30838}.Debug|Any CPU.ActiveCfg = Debug|Any CPU
		{31D92B0E-74BB-4D0B-B37F-B38C5EE30838}.Debug|Any CPU.Build.0 = Debug|Any CPU
		{31D92B0E-74BB-4D0B-B37F-B38C5EE30838}.Debug|x64.ActiveCfg = Debug|Any CPU
		{31D92B0E-74BB-4D0B-B37F-B38C5EE30838}.Debug|x64.Build.0 = Debug|Any CPU
		{31D92B0E-74BB-4D0B-B37F-B38C5EE30838}.Debug|x86.ActiveCfg = Debug|Any CPU
		{31D92B0E-74BB-4D0B-B37F-B38C5EE30838}.Debug|x86.Build.0 = Debug|Any CPU
		{31D92B0E-74BB-4D0B-B37F-B38C5EE30838}.Release|Any CPU.ActiveCfg = Release|Any CPU
		{31D92B0E-74BB-4D0B-B37F-B38C5EE30838}.Release|Any CPU.Build.0 = Release|Any CPU
		{31D92B0E-74BB-4D0B-B37F-B38C5EE30838}.Release|x64.ActiveCfg = Release|Any CPU
		{31D92B0E-74BB-4D0B-B37F-B38C5EE30838}.Release|x64.Build.0 = Release|Any CPU
		{31D92B0E-74BB-4D0B-B37F-B38C5EE30838}.Release|x86.ActiveCfg = Release|Any CPU
		{31D92B0E-74BB-4D0B-B37F-B38C5EE30838}.Release|x86.Build.0 = Release|Any CPU
		{9E83B5C6-DE3A-4D09-B1E2-198B1ED410CD}.Debug|Any CPU.ActiveCfg = Debug|Any CPU
		{9E83B5C6-DE3A-4D09-B1E2-198B1ED410CD}.Debug|Any CPU.Build.0 = Debug|Any CPU
		{9E83B5C6-DE3A-4D09-B1E2-198B1ED410CD}.Debug|x64.ActiveCfg = Debug|Any CPU
		{9E83B5C6-DE3A-4D09-B1E2-198B1ED410CD}.Debug|x64.Build.0 = Debug|Any CPU
		{9E83B5C6-DE3A-4D09-B1E2-198B1ED410CD}.Debug|x86.ActiveCfg = Debug|Any CPU
		{9E83B5C6-DE3A-4D09-B1E2-198B1ED410CD}.Debug|x86.Build.0 = Debug|Any CPU
		{9E83B5C6-DE3A-4D09-B1E2-198B1ED410CD}.Release|Any CPU.ActiveCfg = Release|Any CPU
		{9E83B5C6-DE3A-4D09-B1E2-198B1ED410CD}.Release|Any CPU.Build.0 = Release|Any CPU
		{9E83B5C6-DE3A-4D09-B1E2-198B1ED410CD}.Release|x64.ActiveCfg = Release|Any CPU
		{9E83B5C6-DE3A-4D09-B1E2-198B1ED410CD}.Release|x64.Build.0 = Release|Any CPU
		{9E83B5C6-DE3A-4D09-B1E2-198B1ED410CD}.Release|x86.ActiveCfg = Release|Any CPU
		{9E83B5C6-DE3A-4D09-B1E2-198B1ED410CD}.Release|x86.Build.0 = Release|Any CPU
		{DD40904F-6A11-4306-A5E4-6BBC1C93DF33}.Debug|Any CPU.ActiveCfg = Debug|Any CPU
		{DD40904F-6A11-4306-A5E4-6BBC1C93DF33}.Debug|Any CPU.Build.0 = Debug|Any CPU
		{DD40904F-6A11-4306-A5E4-6BBC1C93DF33}.Debug|x64.ActiveCfg = Debug|Any CPU
		{DD40904F-6A11-4306-A5E4-6BBC1C93DF33}.Debug|x64.Build.0 = Debug|Any CPU
		{DD40904F-6A11-4306-A5E4-6BBC1C93DF33}.Debug|x86.ActiveCfg = Debug|Any CPU
		{DD40904F-6A11-4306-A5E4-6BBC1C93DF33}.Debug|x86.Build.0 = Debug|Any CPU
		{DD40904F-6A11-4306-A5E4-6BBC1C93DF33}.Release|Any CPU.ActiveCfg = Release|Any CPU
		{DD40904F-6A11-4306-A5E4-6BBC1C93DF33}.Release|Any CPU.Build.0 = Release|Any CPU
		{DD40904F-6A11-4306-A5E4-6BBC1C93DF33}.Release|x64.ActiveCfg = Release|Any CPU
		{DD40904F-6A11-4306-A5E4-6BBC1C93DF33}.Release|x64.Build.0 = Release|Any CPU
		{DD40904F-6A11-4306-A5E4-6BBC1C93DF33}.Release|x86.ActiveCfg = Release|Any CPU
		{DD40904F-6A11-4306-A5E4-6BBC1C93DF33}.Release|x86.Build.0 = Release|Any CPU
		{F0F57722-3442-42A8-8035-BA62E21AF369}.Debug|Any CPU.ActiveCfg = Debug|Any CPU
		{F0F57722-3442-42A8-8035-BA62E21AF369}.Debug|Any CPU.Build.0 = Debug|Any CPU
		{F0F57722-3442-42A8-8035-BA62E21AF369}.Debug|x64.ActiveCfg = Debug|Any CPU
		{F0F57722-3442-42A8-8035-BA62E21AF369}.Debug|x64.Build.0 = Debug|Any CPU
		{F0F57722-3442-42A8-8035-BA62E21AF369}.Debug|x86.ActiveCfg = Debug|Any CPU
		{F0F57722-3442-42A8-8035-BA62E21AF369}.Debug|x86.Build.0 = Debug|Any CPU
		{F0F57722-3442-42A8-8035-BA62E21AF369}.Release|Any CPU.ActiveCfg = Release|Any CPU
		{F0F57722-3442-42A8-8035-BA62E21AF369}.Release|Any CPU.Build.0 = Release|Any CPU
		{F0F57722-3442-42A8-8035-BA62E21AF369}.Release|x64.ActiveCfg = Release|Any CPU
		{F0F57722-3442-42A8-8035-BA62E21AF369}.Release|x64.Build.0 = Release|Any CPU
		{F0F57722-3442-42A8-8035-BA62E21AF369}.Release|x86.ActiveCfg = Release|Any CPU
		{F0F57722-3442-42A8-8035-BA62E21AF369}.Release|x86.Build.0 = Release|Any CPU
		{8677596F-63F2-4C03-BBF6-D4C7F3C66067}.Debug|Any CPU.ActiveCfg = Debug|Any CPU
		{8677596F-63F2-4C03-BBF6-D4C7F3C66067}.Debug|Any CPU.Build.0 = Debug|Any CPU
		{8677596F-63F2-4C03-BBF6-D4C7F3C66067}.Debug|x64.ActiveCfg = Debug|Any CPU
		{8677596F-63F2-4C03-BBF6-D4C7F3C66067}.Debug|x64.Build.0 = Debug|Any CPU
		{8677596F-63F2-4C03-BBF6-D4C7F3C66067}.Debug|x86.ActiveCfg = Debug|Any CPU
		{8677596F-63F2-4C03-BBF6-D4C7F3C66067}.Debug|x86.Build.0 = Debug|Any CPU
		{8677596F-63F2-4C03-BBF6-D4C7F3C66067}.Release|Any CPU.ActiveCfg = Release|Any CPU
		{8677596F-63F2-4C03-BBF6-D4C7F3C66067}.Release|Any CPU.Build.0 = Release|Any CPU
		{8677596F-63F2-4C03-BBF6-D4C7F3C66067}.Release|x64.ActiveCfg = Release|Any CPU
		{8677596F-63F2-4C03-BBF6-D4C7F3C66067}.Release|x64.Build.0 = Release|Any CPU
		{8677596F-63F2-4C03-BBF6-D4C7F3C66067}.Release|x86.ActiveCfg = Release|Any CPU
		{8677596F-63F2-4C03-BBF6-D4C7F3C66067}.Release|x86.Build.0 = Release|Any CPU
		{A46779F5-1992-4CEA-B2D2-2607F6CD9B4F}.Debug|Any CPU.ActiveCfg = Debug|Any CPU
		{A46779F5-1992-4CEA-B2D2-2607F6CD9B4F}.Debug|Any CPU.Build.0 = Debug|Any CPU
		{A46779F5-1992-4CEA-B2D2-2607F6CD9B4F}.Debug|x64.ActiveCfg = Debug|Any CPU
		{A46779F5-1992-4CEA-B2D2-2607F6CD9B4F}.Debug|x64.Build.0 = Debug|Any CPU
		{A46779F5-1992-4CEA-B2D2-2607F6CD9B4F}.Debug|x86.ActiveCfg = Debug|Any CPU
		{A46779F5-1992-4CEA-B2D2-2607F6CD9B4F}.Debug|x86.Build.0 = Debug|Any CPU
		{A46779F5-1992-4CEA-B2D2-2607F6CD9B4F}.Release|Any CPU.ActiveCfg = Release|Any CPU
		{A46779F5-1992-4CEA-B2D2-2607F6CD9B4F}.Release|Any CPU.Build.0 = Release|Any CPU
		{A46779F5-1992-4CEA-B2D2-2607F6CD9B4F}.Release|x64.ActiveCfg = Release|Any CPU
		{A46779F5-1992-4CEA-B2D2-2607F6CD9B4F}.Release|x64.Build.0 = Release|Any CPU
		{A46779F5-1992-4CEA-B2D2-2607F6CD9B4F}.Release|x86.ActiveCfg = Release|Any CPU
		{A46779F5-1992-4CEA-B2D2-2607F6CD9B4F}.Release|x86.Build.0 = Release|Any CPU
		{3DC4D3E6-C958-4D95-8CE3-22101CA8D3E8}.Debug|Any CPU.ActiveCfg = Debug|Any CPU
		{3DC4D3E6-C958-4D95-8CE3-22101CA8D3E8}.Debug|Any CPU.Build.0 = Debug|Any CPU
		{3DC4D3E6-C958-4D95-8CE3-22101CA8D3E8}.Debug|x64.ActiveCfg = Debug|Any CPU
		{3DC4D3E6-C958-4D95-8CE3-22101CA8D3E8}.Debug|x64.Build.0 = Debug|Any CPU
		{3DC4D3E6-C958-4D95-8CE3-22101CA8D3E8}.Debug|x86.ActiveCfg = Debug|Any CPU
		{3DC4D3E6-C958-4D95-8CE3-22101CA8D3E8}.Debug|x86.Build.0 = Debug|Any CPU
		{3DC4D3E6-C958-4D95-8CE3-22101CA8D3E8}.Release|Any CPU.ActiveCfg = Release|Any CPU
		{3DC4D3E6-C958-4D95-8CE3-22101CA8D3E8}.Release|Any CPU.Build.0 = Release|Any CPU
		{3DC4D3E6-C958-4D95-8CE3-22101CA8D3E8}.Release|x64.ActiveCfg = Release|Any CPU
		{3DC4D3E6-C958-4D95-8CE3-22101CA8D3E8}.Release|x64.Build.0 = Release|Any CPU
		{3DC4D3E6-C958-4D95-8CE3-22101CA8D3E8}.Release|x86.ActiveCfg = Release|Any CPU
		{3DC4D3E6-C958-4D95-8CE3-22101CA8D3E8}.Release|x86.Build.0 = Release|Any CPU
		{44F4664E-534E-4DB4-8772-53A619F13C3C}.Debug|Any CPU.ActiveCfg = Debug|Any CPU
		{44F4664E-534E-4DB4-8772-53A619F13C3C}.Debug|Any CPU.Build.0 = Debug|Any CPU
		{44F4664E-534E-4DB4-8772-53A619F13C3C}.Debug|x64.ActiveCfg = Debug|Any CPU
		{44F4664E-534E-4DB4-8772-53A619F13C3C}.Debug|x64.Build.0 = Debug|Any CPU
		{44F4664E-534E-4DB4-8772-53A619F13C3C}.Debug|x86.ActiveCfg = Debug|Any CPU
		{44F4664E-534E-4DB4-8772-53A619F13C3C}.Debug|x86.Build.0 = Debug|Any CPU
		{44F4664E-534E-4DB4-8772-53A619F13C3C}.Release|Any CPU.ActiveCfg = Release|Any CPU
		{44F4664E-534E-4DB4-8772-53A619F13C3C}.Release|Any CPU.Build.0 = Release|Any CPU
		{44F4664E-534E-4DB4-8772-53A619F13C3C}.Release|x64.ActiveCfg = Release|Any CPU
		{44F4664E-534E-4DB4-8772-53A619F13C3C}.Release|x64.Build.0 = Release|Any CPU
		{44F4664E-534E-4DB4-8772-53A619F13C3C}.Release|x86.ActiveCfg = Release|Any CPU
		{44F4664E-534E-4DB4-8772-53A619F13C3C}.Release|x86.Build.0 = Release|Any CPU
		{EA0625C2-4614-4E4C-8C6C-73A9E9EC3FB5}.Debug|Any CPU.ActiveCfg = Debug|Any CPU
		{EA0625C2-4614-4E4C-8C6C-73A9E9EC3FB5}.Debug|Any CPU.Build.0 = Debug|Any CPU
		{EA0625C2-4614-4E4C-8C6C-73A9E9EC3FB5}.Debug|x64.ActiveCfg = Debug|Any CPU
		{EA0625C2-4614-4E4C-8C6C-73A9E9EC3FB5}.Debug|x64.Build.0 = Debug|Any CPU
		{EA0625C2-4614-4E4C-8C6C-73A9E9EC3FB5}.Debug|x86.ActiveCfg = Debug|Any CPU
		{EA0625C2-4614-4E4C-8C6C-73A9E9EC3FB5}.Debug|x86.Build.0 = Debug|Any CPU
		{EA0625C2-4614-4E4C-8C6C-73A9E9EC3FB5}.Release|Any CPU.ActiveCfg = Release|Any CPU
		{EA0625C2-4614-4E4C-8C6C-73A9E9EC3FB5}.Release|Any CPU.Build.0 = Release|Any CPU
		{EA0625C2-4614-4E4C-8C6C-73A9E9EC3FB5}.Release|x64.ActiveCfg = Release|Any CPU
		{EA0625C2-4614-4E4C-8C6C-73A9E9EC3FB5}.Release|x64.Build.0 = Release|Any CPU
		{EA0625C2-4614-4E4C-8C6C-73A9E9EC3FB5}.Release|x86.ActiveCfg = Release|Any CPU
		{EA0625C2-4614-4E4C-8C6C-73A9E9EC3FB5}.Release|x86.Build.0 = Release|Any CPU
		{FDDDCADF-B914-49F3-8D2A-7AB47B026AD1}.Debug|Any CPU.ActiveCfg = Debug|Any CPU
		{FDDDCADF-B914-49F3-8D2A-7AB47B026AD1}.Debug|Any CPU.Build.0 = Debug|Any CPU
		{FDDDCADF-B914-49F3-8D2A-7AB47B026AD1}.Debug|x64.ActiveCfg = Debug|Any CPU
		{FDDDCADF-B914-49F3-8D2A-7AB47B026AD1}.Debug|x64.Build.0 = Debug|Any CPU
		{FDDDCADF-B914-49F3-8D2A-7AB47B026AD1}.Debug|x86.ActiveCfg = Debug|Any CPU
		{FDDDCADF-B914-49F3-8D2A-7AB47B026AD1}.Debug|x86.Build.0 = Debug|Any CPU
		{FDDDCADF-B914-49F3-8D2A-7AB47B026AD1}.Release|Any CPU.ActiveCfg = Release|Any CPU
		{FDDDCADF-B914-49F3-8D2A-7AB47B026AD1}.Release|Any CPU.Build.0 = Release|Any CPU
		{FDDDCADF-B914-49F3-8D2A-7AB47B026AD1}.Release|x64.ActiveCfg = Release|Any CPU
		{FDDDCADF-B914-49F3-8D2A-7AB47B026AD1}.Release|x64.Build.0 = Release|Any CPU
		{FDDDCADF-B914-49F3-8D2A-7AB47B026AD1}.Release|x86.ActiveCfg = Release|Any CPU
		{FDDDCADF-B914-49F3-8D2A-7AB47B026AD1}.Release|x86.Build.0 = Release|Any CPU
		{5296D786-44C0-4CE1-A04F-79657F88929A}.Debug|Any CPU.ActiveCfg = Debug|Any CPU
		{5296D786-44C0-4CE1-A04F-79657F88929A}.Debug|Any CPU.Build.0 = Debug|Any CPU
		{5296D786-44C0-4CE1-A04F-79657F88929A}.Debug|x64.ActiveCfg = Debug|Any CPU
		{5296D786-44C0-4CE1-A04F-79657F88929A}.Debug|x64.Build.0 = Debug|Any CPU
		{5296D786-44C0-4CE1-A04F-79657F88929A}.Debug|x86.ActiveCfg = Debug|Any CPU
		{5296D786-44C0-4CE1-A04F-79657F88929A}.Debug|x86.Build.0 = Debug|Any CPU
		{5296D786-44C0-4CE1-A04F-79657F88929A}.Release|Any CPU.ActiveCfg = Release|Any CPU
		{5296D786-44C0-4CE1-A04F-79657F88929A}.Release|Any CPU.Build.0 = Release|Any CPU
		{5296D786-44C0-4CE1-A04F-79657F88929A}.Release|x64.ActiveCfg = Release|Any CPU
		{5296D786-44C0-4CE1-A04F-79657F88929A}.Release|x64.Build.0 = Release|Any CPU
		{5296D786-44C0-4CE1-A04F-79657F88929A}.Release|x86.ActiveCfg = Release|Any CPU
		{5296D786-44C0-4CE1-A04F-79657F88929A}.Release|x86.Build.0 = Release|Any CPU
		{4659145B-D966-402F-BCE1-520F5A98C9A8}.Debug|Any CPU.ActiveCfg = Debug|Any CPU
		{4659145B-D966-402F-BCE1-520F5A98C9A8}.Debug|Any CPU.Build.0 = Debug|Any CPU
		{4659145B-D966-402F-BCE1-520F5A98C9A8}.Debug|x64.ActiveCfg = Debug|Any CPU
		{4659145B-D966-402F-BCE1-520F5A98C9A8}.Debug|x64.Build.0 = Debug|Any CPU
		{4659145B-D966-402F-BCE1-520F5A98C9A8}.Debug|x86.ActiveCfg = Debug|Any CPU
		{4659145B-D966-402F-BCE1-520F5A98C9A8}.Debug|x86.Build.0 = Debug|Any CPU
		{4659145B-D966-402F-BCE1-520F5A98C9A8}.Release|Any CPU.ActiveCfg = Release|Any CPU
		{4659145B-D966-402F-BCE1-520F5A98C9A8}.Release|Any CPU.Build.0 = Release|Any CPU
		{4659145B-D966-402F-BCE1-520F5A98C9A8}.Release|x64.ActiveCfg = Release|Any CPU
		{4659145B-D966-402F-BCE1-520F5A98C9A8}.Release|x64.Build.0 = Release|Any CPU
		{4659145B-D966-402F-BCE1-520F5A98C9A8}.Release|x86.ActiveCfg = Release|Any CPU
		{4659145B-D966-402F-BCE1-520F5A98C9A8}.Release|x86.Build.0 = Release|Any CPU
		{72408AFC-7F2C-4B12-A686-61174A44C024}.Debug|Any CPU.ActiveCfg = Debug|Any CPU
		{72408AFC-7F2C-4B12-A686-61174A44C024}.Debug|Any CPU.Build.0 = Debug|Any CPU
		{72408AFC-7F2C-4B12-A686-61174A44C024}.Debug|x64.ActiveCfg = Debug|Any CPU
		{72408AFC-7F2C-4B12-A686-61174A44C024}.Debug|x64.Build.0 = Debug|Any CPU
		{72408AFC-7F2C-4B12-A686-61174A44C024}.Debug|x86.ActiveCfg = Debug|Any CPU
		{72408AFC-7F2C-4B12-A686-61174A44C024}.Debug|x86.Build.0 = Debug|Any CPU
		{72408AFC-7F2C-4B12-A686-61174A44C024}.Release|Any CPU.ActiveCfg = Release|Any CPU
		{72408AFC-7F2C-4B12-A686-61174A44C024}.Release|Any CPU.Build.0 = Release|Any CPU
		{72408AFC-7F2C-4B12-A686-61174A44C024}.Release|x64.ActiveCfg = Release|Any CPU
		{72408AFC-7F2C-4B12-A686-61174A44C024}.Release|x64.Build.0 = Release|Any CPU
		{72408AFC-7F2C-4B12-A686-61174A44C024}.Release|x86.ActiveCfg = Release|Any CPU
		{72408AFC-7F2C-4B12-A686-61174A44C024}.Release|x86.Build.0 = Release|Any CPU
		{E642E689-D9F7-4B1E-BC4C-C00E3A4BF5E8}.Debug|Any CPU.ActiveCfg = Debug|Any CPU
		{E642E689-D9F7-4B1E-BC4C-C00E3A4BF5E8}.Debug|Any CPU.Build.0 = Debug|Any CPU
		{E642E689-D9F7-4B1E-BC4C-C00E3A4BF5E8}.Debug|x64.ActiveCfg = Debug|Any CPU
		{E642E689-D9F7-4B1E-BC4C-C00E3A4BF5E8}.Debug|x64.Build.0 = Debug|Any CPU
		{E642E689-D9F7-4B1E-BC4C-C00E3A4BF5E8}.Debug|x86.ActiveCfg = Debug|Any CPU
		{E642E689-D9F7-4B1E-BC4C-C00E3A4BF5E8}.Debug|x86.Build.0 = Debug|Any CPU
		{E642E689-D9F7-4B1E-BC4C-C00E3A4BF5E8}.Release|Any CPU.ActiveCfg = Release|Any CPU
		{E642E689-D9F7-4B1E-BC4C-C00E3A4BF5E8}.Release|Any CPU.Build.0 = Release|Any CPU
		{E642E689-D9F7-4B1E-BC4C-C00E3A4BF5E8}.Release|x64.ActiveCfg = Release|Any CPU
		{E642E689-D9F7-4B1E-BC4C-C00E3A4BF5E8}.Release|x64.Build.0 = Release|Any CPU
		{E642E689-D9F7-4B1E-BC4C-C00E3A4BF5E8}.Release|x86.ActiveCfg = Release|Any CPU
		{E642E689-D9F7-4B1E-BC4C-C00E3A4BF5E8}.Release|x86.Build.0 = Release|Any CPU
		{8A1AB4E6-602D-43CA-B5B9-EFDA3395BAAC}.Debug|Any CPU.ActiveCfg = Debug|Any CPU
		{8A1AB4E6-602D-43CA-B5B9-EFDA3395BAAC}.Debug|Any CPU.Build.0 = Debug|Any CPU
		{8A1AB4E6-602D-43CA-B5B9-EFDA3395BAAC}.Debug|x64.ActiveCfg = Debug|Any CPU
		{8A1AB4E6-602D-43CA-B5B9-EFDA3395BAAC}.Debug|x64.Build.0 = Debug|Any CPU
		{8A1AB4E6-602D-43CA-B5B9-EFDA3395BAAC}.Debug|x86.ActiveCfg = Debug|Any CPU
		{8A1AB4E6-602D-43CA-B5B9-EFDA3395BAAC}.Debug|x86.Build.0 = Debug|Any CPU
		{8A1AB4E6-602D-43CA-B5B9-EFDA3395BAAC}.Release|Any CPU.ActiveCfg = Release|Any CPU
		{8A1AB4E6-602D-43CA-B5B9-EFDA3395BAAC}.Release|Any CPU.Build.0 = Release|Any CPU
		{8A1AB4E6-602D-43CA-B5B9-EFDA3395BAAC}.Release|x64.ActiveCfg = Release|Any CPU
		{8A1AB4E6-602D-43CA-B5B9-EFDA3395BAAC}.Release|x64.Build.0 = Release|Any CPU
		{8A1AB4E6-602D-43CA-B5B9-EFDA3395BAAC}.Release|x86.ActiveCfg = Release|Any CPU
		{8A1AB4E6-602D-43CA-B5B9-EFDA3395BAAC}.Release|x86.Build.0 = Release|Any CPU
		{8CC6D740-4506-482E-97A5-D23D4DB85196}.Debug|Any CPU.ActiveCfg = Debug|Any CPU
		{8CC6D740-4506-482E-97A5-D23D4DB85196}.Debug|Any CPU.Build.0 = Debug|Any CPU
		{8CC6D740-4506-482E-97A5-D23D4DB85196}.Debug|x64.ActiveCfg = Debug|Any CPU
		{8CC6D740-4506-482E-97A5-D23D4DB85196}.Debug|x64.Build.0 = Debug|Any CPU
		{8CC6D740-4506-482E-97A5-D23D4DB85196}.Debug|x86.ActiveCfg = Debug|Any CPU
		{8CC6D740-4506-482E-97A5-D23D4DB85196}.Debug|x86.Build.0 = Debug|Any CPU
		{8CC6D740-4506-482E-97A5-D23D4DB85196}.Release|Any CPU.ActiveCfg = Release|Any CPU
		{8CC6D740-4506-482E-97A5-D23D4DB85196}.Release|Any CPU.Build.0 = Release|Any CPU
		{8CC6D740-4506-482E-97A5-D23D4DB85196}.Release|x64.ActiveCfg = Release|Any CPU
		{8CC6D740-4506-482E-97A5-D23D4DB85196}.Release|x64.Build.0 = Release|Any CPU
		{8CC6D740-4506-482E-97A5-D23D4DB85196}.Release|x86.ActiveCfg = Release|Any CPU
		{8CC6D740-4506-482E-97A5-D23D4DB85196}.Release|x86.Build.0 = Release|Any CPU
		{69D8FF7A-7335-4F2F-B715-74A9F562A7BC}.Debug|Any CPU.ActiveCfg = Debug|Any CPU
		{69D8FF7A-7335-4F2F-B715-74A9F562A7BC}.Debug|Any CPU.Build.0 = Debug|Any CPU
		{69D8FF7A-7335-4F2F-B715-74A9F562A7BC}.Debug|x64.ActiveCfg = Debug|Any CPU
		{69D8FF7A-7335-4F2F-B715-74A9F562A7BC}.Debug|x64.Build.0 = Debug|Any CPU
		{69D8FF7A-7335-4F2F-B715-74A9F562A7BC}.Debug|x86.ActiveCfg = Debug|Any CPU
		{69D8FF7A-7335-4F2F-B715-74A9F562A7BC}.Debug|x86.Build.0 = Debug|Any CPU
		{69D8FF7A-7335-4F2F-B715-74A9F562A7BC}.Release|Any CPU.ActiveCfg = Release|Any CPU
		{69D8FF7A-7335-4F2F-B715-74A9F562A7BC}.Release|Any CPU.Build.0 = Release|Any CPU
		{69D8FF7A-7335-4F2F-B715-74A9F562A7BC}.Release|x64.ActiveCfg = Release|Any CPU
		{69D8FF7A-7335-4F2F-B715-74A9F562A7BC}.Release|x64.Build.0 = Release|Any CPU
		{69D8FF7A-7335-4F2F-B715-74A9F562A7BC}.Release|x86.ActiveCfg = Release|Any CPU
		{69D8FF7A-7335-4F2F-B715-74A9F562A7BC}.Release|x86.Build.0 = Release|Any CPU
		{EB2CD579-B5E3-43D8-86AA-865FC7E996C2}.Debug|Any CPU.ActiveCfg = Debug|Any CPU
		{EB2CD579-B5E3-43D8-86AA-865FC7E996C2}.Debug|Any CPU.Build.0 = Debug|Any CPU
		{EB2CD579-B5E3-43D8-86AA-865FC7E996C2}.Debug|x64.ActiveCfg = Debug|Any CPU
		{EB2CD579-B5E3-43D8-86AA-865FC7E996C2}.Debug|x64.Build.0 = Debug|Any CPU
		{EB2CD579-B5E3-43D8-86AA-865FC7E996C2}.Debug|x86.ActiveCfg = Debug|Any CPU
		{EB2CD579-B5E3-43D8-86AA-865FC7E996C2}.Debug|x86.Build.0 = Debug|Any CPU
		{EB2CD579-B5E3-43D8-86AA-865FC7E996C2}.Release|Any CPU.ActiveCfg = Release|Any CPU
		{EB2CD579-B5E3-43D8-86AA-865FC7E996C2}.Release|Any CPU.Build.0 = Release|Any CPU
		{EB2CD579-B5E3-43D8-86AA-865FC7E996C2}.Release|x64.ActiveCfg = Release|Any CPU
		{EB2CD579-B5E3-43D8-86AA-865FC7E996C2}.Release|x64.Build.0 = Release|Any CPU
		{EB2CD579-B5E3-43D8-86AA-865FC7E996C2}.Release|x86.ActiveCfg = Release|Any CPU
		{EB2CD579-B5E3-43D8-86AA-865FC7E996C2}.Release|x86.Build.0 = Release|Any CPU
	EndGlobalSection
	GlobalSection(SolutionProperties) = preSolution
		HideSolutionNode = FALSE
	EndGlobalSection
	GlobalSection(NestedProjects) = preSolution
		{EC447DCF-ABFA-6E24-52A5-D7FD48A5C558} = {827E0CD3-B72D-47B6-A68D-7590B98EB39B}
		{39D3A5C9-C847-4C51-A1C1-8D8D44E998A3} = {827E0CD3-B72D-47B6-A68D-7590B98EB39B}
		{A526E67A-68BD-0382-42B9-AF5ECC084028} = {EC447DCF-ABFA-6E24-52A5-D7FD48A5C558}
		{7D4E0D6D-2E97-406E-B74F-6EDE4089BA1C} = {EC447DCF-ABFA-6E24-52A5-D7FD48A5C558}
		{01A4CD90-C4F8-4D2A-AF33-D0A7D8151A86} = {EC447DCF-ABFA-6E24-52A5-D7FD48A5C558}
		{A49A7C1A-BB75-4CBA-B4E1-4C75959B2D26} = {EC447DCF-ABFA-6E24-52A5-D7FD48A5C558}
		{E25D41CA-4C35-4026-9FAD-98DBB8E1DF66} = {EC447DCF-ABFA-6E24-52A5-D7FD48A5C558}
		{000025C6-27F4-4073-9D4E-57719F8A9A9E} = {A526E67A-68BD-0382-42B9-AF5ECC084028}
		{A0EAA895-977A-44AC-BC7A-16239415744E} = {A526E67A-68BD-0382-42B9-AF5ECC084028}
		{EA1E1445-CF3D-4FDA-9CD3-A41AAB0C205A} = {A526E67A-68BD-0382-42B9-AF5ECC084028}
		{8F0E372E-0961-42D9-ADB5-9F22231102AD} = {A526E67A-68BD-0382-42B9-AF5ECC084028}
		{CE2F7A96-437A-4A77-9B78-793572F8235F} = {7D4E0D6D-2E97-406E-B74F-6EDE4089BA1C}
		{31D92B0E-74BB-4D0B-B37F-B38C5EE30838} = {7D4E0D6D-2E97-406E-B74F-6EDE4089BA1C}
		{9E83B5C6-DE3A-4D09-B1E2-198B1ED410CD} = {7D4E0D6D-2E97-406E-B74F-6EDE4089BA1C}
		{DD40904F-6A11-4306-A5E4-6BBC1C93DF33} = {7D4E0D6D-2E97-406E-B74F-6EDE4089BA1C}
		{F0F57722-3442-42A8-8035-BA62E21AF369} = {A49A7C1A-BB75-4CBA-B4E1-4C75959B2D26}
		{8677596F-63F2-4C03-BBF6-D4C7F3C66067} = {A49A7C1A-BB75-4CBA-B4E1-4C75959B2D26}
		{A46779F5-1992-4CEA-B2D2-2607F6CD9B4F} = {A49A7C1A-BB75-4CBA-B4E1-4C75959B2D26}
		{3DC4D3E6-C958-4D95-8CE3-22101CA8D3E8} = {A49A7C1A-BB75-4CBA-B4E1-4C75959B2D26}
		{44F4664E-534E-4DB4-8772-53A619F13C3C} = {E25D41CA-4C35-4026-9FAD-98DBB8E1DF66}
		{EA0625C2-4614-4E4C-8C6C-73A9E9EC3FB5} = {E25D41CA-4C35-4026-9FAD-98DBB8E1DF66}
		{FDDDCADF-B914-49F3-8D2A-7AB47B026AD1} = {E25D41CA-4C35-4026-9FAD-98DBB8E1DF66}
		{5296D786-44C0-4CE1-A04F-79657F88929A} = {E25D41CA-4C35-4026-9FAD-98DBB8E1DF66}
		{4659145B-D966-402F-BCE1-520F5A98C9A8} = {01A4CD90-C4F8-4D2A-AF33-D0A7D8151A86}
		{72408AFC-7F2C-4B12-A686-61174A44C024} = {01A4CD90-C4F8-4D2A-AF33-D0A7D8151A86}
		{E642E689-D9F7-4B1E-BC4C-C00E3A4BF5E8} = {01A4CD90-C4F8-4D2A-AF33-D0A7D8151A86}
		{8A1AB4E6-602D-43CA-B5B9-EFDA3395BAAC} = {01A4CD90-C4F8-4D2A-AF33-D0A7D8151A86}
		{8CC6D740-4506-482E-97A5-D23D4DB85196} = {827E0CD3-B72D-47B6-A68D-7590B98EB39B}
		{69D8FF7A-7335-4F2F-B715-74A9F562A7BC} = {39D3A5C9-C847-4C51-A1C1-8D8D44E998A3}
		{EB2CD579-B5E3-43D8-86AA-865FC7E996C2} = {39D3A5C9-C847-4C51-A1C1-8D8D44E998A3}
	EndGlobalSection
EndGlobal
